
Microsoft Visual Studio Solution File, Format Version 12.00
# Visual Studio Version 17
VisualStudioVersion = 17.2.32602.215
MinimumVisualStudioVersion = 10.0.40219.1
Project("{FAE04EC0-301F-11D3-BF4B-00C04F79EFBC}") = "DataAccess", "DataAccess\DataAccess.csproj", "{CAD16B4F-6609-4ED3-B531-58C5E9E4239F}"
EndProject
Project("{FAE04EC0-301F-11D3-BF4B-00C04F79EFBC}") = "Business", "Business\Business.csproj", "{7A22650D-7C24-40CE-8C98-D8928E206CA5}"
EndProject
Project("{FAE04EC0-301F-11D3-BF4B-00C04F79EFBC}") = "Entities", "Entities\Entities.csproj", "{996A319B-A411-423A-A6EA-1DF0BFD63B06}"
EndProject
Project("{FAE04EC0-301F-11D3-BF4B-00C04F79EFBC}") = "ConsoleUI", "ConsoleUI\ConsoleUI.csproj", "{CA2EB50B-BDCD-407C-815E-846B2DDAA191}"
EndProject
Global
	GlobalSection(SolutionConfigurationPlatforms) = preSolution
		Debug|Any CPU = Debug|Any CPU
		Release|Any CPU = Release|Any CPU
	EndGlobalSection
	GlobalSection(ProjectConfigurationPlatforms) = postSolution
		{CAD16B4F-6609-4ED3-B531-58C5E9E4239F}.Debug|Any CPU.ActiveCfg = Debug|Any CPU
		{CAD16B4F-6609-4ED3-B531-58C5E9E4239F}.Debug|Any CPU.Build.0 = Debug|Any CPU
		{CAD16B4F-6609-4ED3-B531-58C5E9E4239F}.Release|Any CPU.ActiveCfg = Release|Any CPU
		{CAD16B4F-6609-4ED3-B531-58C5E9E4239F}.Release|Any CPU.Build.0 = Release|Any CPU
		{7A22650D-7C24-40CE-8C98-D8928E206CA5}.Debug|Any CPU.ActiveCfg = Debug|Any CPU
		{7A22650D-7C24-40CE-8C98-D8928E206CA5}.Debug|Any CPU.Build.0 = Debug|Any CPU
		{7A22650D-7C24-40CE-8C98-D8928E206CA5}.Release|Any CPU.ActiveCfg = Release|Any CPU
		{7A22650D-7C24-40CE-8C98-D8928E206CA5}.Release|Any CPU.Build.0 = Release|Any CPU
		{996A319B-A411-423A-A6EA-1DF0BFD63B06}.Debug|Any CPU.ActiveCfg = Debug|Any CPU
		{996A319B-A411-423A-A6EA-1DF0BFD63B06}.Debug|Any CPU.Build.0 = Debug|Any CPU
		{996A319B-A411-423A-A6EA-1DF0BFD63B06}.Release|Any CPU.ActiveCfg = Release|Any CPU
		{996A319B-A411-423A-A6EA-1DF0BFD63B06}.Release|Any CPU.Build.0 = Release|Any CPU
		{CA2EB50B-BDCD-407C-815E-846B2DDAA191}.Debug|Any CPU.ActiveCfg = Debug|Any CPU
		{CA2EB50B-BDCD-407C-815E-846B2DDAA191}.Debug|Any CPU.Build.0 = Debug|Any CPU
		{CA2EB50B-BDCD-407C-815E-846B2DDAA191}.Release|Any CPU.ActiveCfg = Release|Any CPU
		{CA2EB50B-BDCD-407C-815E-846B2DDAA191}.Release|Any CPU.Build.0 = Release|Any CPU
	EndGlobalSection
	GlobalSection(SolutionProperties) = preSolution
		HideSolutionNode = FALSE
	EndGlobalSection
	GlobalSection(ExtensibilityGlobals) = postSolution
		SolutionGuid = {272112F6-B08F-4F38-B59D-BA99E06C3B8B}
	EndGlobalSection
EndGlobal
